
Microsoft Visual Studio Solution File, Format Version 12.00
# Visual Studio 15
VisualStudioVersion = 15.0.27428.2002
MinimumVisualStudioVersion = 10.0.40219.1
Project("{FAE04EC0-301F-11D3-BF4B-00C04F79EFBC}") = "fibonaccinumbers", "softwarefundamentals\fibonaccinumbers.csproj", "{E74B5C6B-741E-426F-A968-10487EE3428A}"
EndProject
Project("{FAE04EC0-301F-11D3-BF4B-00C04F79EFBC}") = "BubbleSort", "BubbleSort\BubbleSort.csproj", "{3E9DF05C-5884-4A7A-BAF0-B79242817195}"
EndProject
Global
	GlobalSection(SolutionConfigurationPlatforms) = preSolution
		Debug|Any CPU = Debug|Any CPU
		Release|Any CPU = Release|Any CPU
	EndGlobalSection
	GlobalSection(ProjectConfigurationPlatforms) = postSolution
		{E74B5C6B-741E-426F-A968-10487EE3428A}.Debug|Any CPU.ActiveCfg = Debug|Any CPU
		{E74B5C6B-741E-426F-A968-10487EE3428A}.Debug|Any CPU.Build.0 = Debug|Any CPU
		{E74B5C6B-741E-426F-A968-10487EE3428A}.Release|Any CPU.ActiveCfg = Release|Any CPU
		{E74B5C6B-741E-426F-A968-10487EE3428A}.Release|Any CPU.Build.0 = Release|Any CPU
		{3E9DF05C-5884-4A7A-BAF0-B79242817195}.Debug|Any CPU.ActiveCfg = Debug|Any CPU
		{3E9DF05C-5884-4A7A-BAF0-B79242817195}.Debug|Any CPU.Build.0 = Debug|Any CPU
		{3E9DF05C-5884-4A7A-BAF0-B79242817195}.Release|Any CPU.ActiveCfg = Release|Any CPU
		{3E9DF05C-5884-4A7A-BAF0-B79242817195}.Release|Any CPU.Build.0 = Release|Any CPU
	EndGlobalSection
	GlobalSection(SolutionProperties) = preSolution
		HideSolutionNode = FALSE
	EndGlobalSection
	GlobalSection(ExtensibilityGlobals) = postSolution
		SolutionGuid = {251FB6C8-6B53-42E4-8BE7-972B2697D98A}
	EndGlobalSection
EndGlobal
